
Microsoft Visual Studio Solution File, Format Version 12.00
# Visual Studio Version 16
VisualStudioVersion = 16.0.32002.261
MinimumVisualStudioVersion = 10.0.40219.1
Project("{8BC9CEB8-8B4A-11D0-8D11-00A0C91BC942}") = "Office365_E5_Renew", "Office365_E5_Renew\Office365_E5_Renew.vcxproj", "{080A853C-39CA-4759-9126-AAF293B5160A}"
EndProject
Project("{8BC9CEB8-8B4A-11D0-8D11-00A0C91BC942}") = "OneDriveTools", "OneDriveTools\OneDriveTools.vcxproj", "{4A920C93-77CE-44EF-92CA-747F5E9C0567}"
EndProject
Project("{8BC9CEB8-8B4A-11D0-8D11-00A0C91BC942}") = "Share", "Share\Share.vcxitems", "{6392D39C-F180-4F09-9E49-012C1728BA52}"
EndProject
Project("{2150E333-8FDC-42A3-9474-1A3956D46DE8}") = "OneNoteTools", "OneNoteTools", "{E54C216C-34CB-4E69-9623-4472B6AE6F30}"
EndProject
Project("{54435603-DBB4-11D2-8724-00A0C9A8B90C}") = "OneNoteToolsSetup", "OneNoteToolsSetup\OneNoteToolsSetup.vdproj", "{23323A93-7547-4AEB-8DEC-8F163E055DD3}"
EndProject
Project("{54435603-DBB4-11D2-8724-00A0C9A8B90C}") = "OneNoteToolsSetupX86", "OneNoteToolsSetupX86\OneNoteToolsSetupX86.vdproj", "{9F747EDA-68CF-442C-93F9-5E30864B0A33}"
EndProject
Project("{FAE04EC0-301F-11D3-BF4B-00C04F79EFBC}") = "OfficeExcelTools", "OfficeExcelTools\OfficeExcelTools.csproj", "{5F675B2E-E3FF-4A16-B0A2-75F460747E6F}"
EndProject
Project("{FAE04EC0-301F-11D3-BF4B-00C04F79EFBC}") = "OneNoteTools", "OneNoteTools\OneNoteTools.csproj", "{A579F2DD-4315-46DA-866C-EF178CFD3C59}"
EndProject
Project("{2150E333-8FDC-42A3-9474-1A3956D46DE8}") = "ShareProject", "ShareProject", "{A9723BDD-AB8E-4A86-9F06-966FD13D5E12}"
EndProject
Project("{8BC9CEB8-8B4A-11D0-8D11-00A0C91BC942}") = "Scintilla", "ShareProject\scintilla\win32\Scintilla.vcxproj", "{19CCA8B8-46B9-4609-B7CE-198DA19F07BD}"
EndProject
Project("{FAE04EC0-301F-11D3-BF4B-00C04F79EFBC}") = "OfficeExcelToolEx", "OfficeExcelToolEx\OfficeExcelToolEx.csproj", "{318AC262-4BA0-47E4-B522-E2555C63B252}"
EndProject
Project("{2150E333-8FDC-42A3-9474-1A3956D46DE8}") = "Office365APIEditor", "Office365APIEditor", "{56E5031E-5719-4581-B2AC-B218346811F3}"
EndProject
Project("{FAE04EC0-301F-11D3-BF4B-00C04F79EFBC}") = "Office365APIEditor", "deps\Office365APIEditor\Office365APIEditor\Office365APIEditor.csproj", "{4E1EBFF7-7113-4B41-8B42-BCC7B12A467D}"
EndProject
Project("{9A19103F-16F7-4668-BE54-9A1E7A4F7556}") = "PublishSite", "deps\Office365APIEditor\PublishSite\PublishSite.csproj", "{87D258F6-409B-47A9-A860-BA35F9008269}"
EndProject
Project("{2150E333-8FDC-42A3-9474-1A3956D46DE8}") = "NoteHighlight2016", "NoteHighlight2016", "{3DC32A7C-7C37-49CF-ABDD-F0BD6EA74731}"
EndProject
Project("{FAE04EC0-301F-11D3-BF4B-00C04F79EFBC}") = "NoteHighlightAddin", "deps\NoteHighlight2016\NoteHighlightAddin\NoteHighlightAddin.csproj", "{D874E185-08FE-48C5-BADE-0FE84060C978}"
EndProject
Project("{FAE04EC0-301F-11D3-BF4B-00C04F79EFBC}") = "Helper", "deps\NoteHighlight2016\Helper\Helper.csproj", "{391303F3-B2F5-45DC-9D0D-F4D6D3A76A5D}"
EndProject
Project("{FAE04EC0-301F-11D3-BF4B-00C04F79EFBC}") = "GenerateHighlightContent", "deps\NoteHighlight2016\GenerateHighlightContent\GenerateHighlightContent.csproj", "{04F98CFF-6895-4B84-AC32-23AB8684EA43}"
EndProject
Project("{FAE04EC0-301F-11D3-BF4B-00C04F79EFBC}") = "UnitTesting", "deps\NoteHighlight2016\UnitTesting\UnitTesting.csproj", "{3E05522E-BD98-4813-8430-83AE4F320EB2}"
EndProject
Global
	GlobalSection(SharedMSBuildProjectFiles) = preSolution
		Share\Share.vcxitems*{080a853c-39ca-4759-9126-aaf293b5160a}*SharedItemsImports = 4
		Share\Share.vcxitems*{6392d39c-f180-4f09-9e49-012c1728ba52}*SharedItemsImports = 9
	EndGlobalSection
	GlobalSection(SolutionConfigurationPlatforms) = preSolution
		Debug|Any CPU = Debug|Any CPU
		Debug|ARM64 = Debug|ARM64
		Debug|x64 = Debug|x64
		Debug|x86 = Debug|x86
		Release|Any CPU = Release|Any CPU
		Release|ARM64 = Release|ARM64
		Release|x64 = Release|x64
		Release|x86 = Release|x86
	EndGlobalSection
	GlobalSection(ProjectConfigurationPlatforms) = postSolution
		{080A853C-39CA-4759-9126-AAF293B5160A}.Debug|Any CPU.ActiveCfg = Debug|Win32
		{080A853C-39CA-4759-9126-AAF293B5160A}.Debug|ARM64.ActiveCfg = Debug|Win32
		{080A853C-39CA-4759-9126-AAF293B5160A}.Debug|x64.ActiveCfg = Debug|x64
		{080A853C-39CA-4759-9126-AAF293B5160A}.Debug|x64.Build.0 = Debug|x64
		{080A853C-39CA-4759-9126-AAF293B5160A}.Debug|x86.ActiveCfg = Debug|Win32
		{080A853C-39CA-4759-9126-AAF293B5160A}.Debug|x86.Build.0 = Debug|Win32
		{080A853C-39CA-4759-9126-AAF293B5160A}.Release|Any CPU.ActiveCfg = Release|Win32
		{080A853C-39CA-4759-9126-AAF293B5160A}.Release|ARM64.ActiveCfg = Release|Win32
		{080A853C-39CA-4759-9126-AAF293B5160A}.Release|x64.ActiveCfg = Release|x64
		{080A853C-39CA-4759-9126-AAF293B5160A}.Release|x64.Build.0 = Release|x64
		{080A853C-39CA-4759-9126-AAF293B5160A}.Release|x86.ActiveCfg = Release|Win32
		{080A853C-39CA-4759-9126-AAF293B5160A}.Release|x86.Build.0 = Release|Win32
		{4A920C93-77CE-44EF-92CA-747F5E9C0567}.Debug|Any CPU.ActiveCfg = Debug|Win32
		{4A920C93-77CE-44EF-92CA-747F5E9C0567}.Debug|ARM64.ActiveCfg = Debug|Win32
		{4A920C93-77CE-44EF-92CA-747F5E9C0567}.Debug|x64.ActiveCfg = Debug|x64
		{4A920C93-77CE-44EF-92CA-747F5E9C0567}.Debug|x64.Build.0 = Debug|x64
		{4A920C93-77CE-44EF-92CA-747F5E9C0567}.Debug|x86.ActiveCfg = Debug|Win32
		{4A920C93-77CE-44EF-92CA-747F5E9C0567}.Debug|x86.Build.0 = Debug|Win32
		{4A920C93-77CE-44EF-92CA-747F5E9C0567}.Release|Any CPU.ActiveCfg = Release|Win32
		{4A920C93-77CE-44EF-92CA-747F5E9C0567}.Release|ARM64.ActiveCfg = Release|Win32
		{4A920C93-77CE-44EF-92CA-747F5E9C0567}.Release|x64.ActiveCfg = Release|x64
		{4A920C93-77CE-44EF-92CA-747F5E9C0567}.Release|x64.Build.0 = Release|x64
		{4A920C93-77CE-44EF-92CA-747F5E9C0567}.Release|x86.ActiveCfg = Release|Win32
		{4A920C93-77CE-44EF-92CA-747F5E9C0567}.Release|x86.Build.0 = Release|Win32
		{23323A93-7547-4AEB-8DEC-8F163E055DD3}.Debug|Any CPU.ActiveCfg = Debug
		{23323A93-7547-4AEB-8DEC-8F163E055DD3}.Debug|ARM64.ActiveCfg = Debug
		{23323A93-7547-4AEB-8DEC-8F163E055DD3}.Debug|ARM64.Build.0 = Debug
		{23323A93-7547-4AEB-8DEC-8F163E055DD3}.Debug|x64.ActiveCfg = Debug
		{23323A93-7547-4AEB-8DEC-8F163E055DD3}.Debug|x86.ActiveCfg = Debug
		{23323A93-7547-4AEB-8DEC-8F163E055DD3}.Release|Any CPU.ActiveCfg = Release
		{23323A93-7547-4AEB-8DEC-8F163E055DD3}.Release|ARM64.ActiveCfg = Release
		{23323A93-7547-4AEB-8DEC-8F163E055DD3}.Release|ARM64.Build.0 = Release
		{23323A93-7547-4AEB-8DEC-8F163E055DD3}.Release|x64.ActiveCfg = Release
		{23323A93-7547-4AEB-8DEC-8F163E055DD3}.Release|x86.ActiveCfg = Release
		{9F747EDA-68CF-442C-93F9-5E30864B0A33}.Debug|Any CPU.ActiveCfg = Debug
		{9F747EDA-68CF-442C-93F9-5E30864B0A33}.Debug|ARM64.ActiveCfg = Debug
		{9F747EDA-68CF-442C-93F9-5E30864B0A33}.Debug|ARM64.Build.0 = Debug
		{9F747EDA-68CF-442C-93F9-5E30864B0A33}.Debug|x64.ActiveCfg = Debug
		{9F747EDA-68CF-442C-93F9-5E30864B0A33}.Debug|x86.ActiveCfg = Debug
		{9F747EDA-68CF-442C-93F9-5E30864B0A33}.Release|Any CPU.ActiveCfg = Release
		{9F747EDA-68CF-442C-93F9-5E30864B0A33}.Release|ARM64.ActiveCfg = Release
		{9F747EDA-68CF-442C-93F9-5E30864B0A33}.Release|ARM64.Build.0 = Release
		{9F747EDA-68CF-442C-93F9-5E30864B0A33}.Release|x64.ActiveCfg = Release
		{9F747EDA-68CF-442C-93F9-5E30864B0A33}.Release|x86.ActiveCfg = Release
		{5F675B2E-E3FF-4A16-B0A2-75F460747E6F}.Debug|Any CPU.ActiveCfg = Debug|Any CPU
		{5F675B2E-E3FF-4A16-B0A2-75F460747E6F}.Debug|Any CPU.Build.0 = Debug|Any CPU
		{5F675B2E-E3FF-4A16-B0A2-75F460747E6F}.Debug|ARM64.ActiveCfg = Debug|Any CPU
		{5F675B2E-E3FF-4A16-B0A2-75F460747E6F}.Debug|ARM64.Build.0 = Debug|Any CPU
		{5F675B2E-E3FF-4A16-B0A2-75F460747E6F}.Debug|x64.ActiveCfg = Debug|Any CPU
		{5F675B2E-E3FF-4A16-B0A2-75F460747E6F}.Debug|x64.Build.0 = Debug|Any CPU
		{5F675B2E-E3FF-4A16-B0A2-75F460747E6F}.Debug|x86.ActiveCfg = Debug|Any CPU
		{5F675B2E-E3FF-4A16-B0A2-75F460747E6F}.Debug|x86.Build.0 = Debug|Any CPU
		{5F675B2E-E3FF-4A16-B0A2-75F460747E6F}.Release|Any CPU.ActiveCfg = Release|Any CPU
		{5F675B2E-E3FF-4A16-B0A2-75F460747E6F}.Release|Any CPU.Build.0 = Release|Any CPU
		{5F675B2E-E3FF-4A16-B0A2-75F460747E6F}.Release|ARM64.ActiveCfg = Release|Any CPU
		{5F675B2E-E3FF-4A16-B0A2-75F460747E6F}.Release|ARM64.Build.0 = Release|Any CPU
		{5F675B2E-E3FF-4A16-B0A2-75F460747E6F}.Release|x64.ActiveCfg = Release|Any CPU
		{5F675B2E-E3FF-4A16-B0A2-75F460747E6F}.Release|x64.Build.0 = Release|Any CPU
		{5F675B2E-E3FF-4A16-B0A2-75F460747E6F}.Release|x86.ActiveCfg = Release|Any CPU
		{5F675B2E-E3FF-4A16-B0A2-75F460747E6F}.Release|x86.Build.0 = Release|Any CPU
		{A579F2DD-4315-46DA-866C-EF178CFD3C59}.Debug|Any CPU.ActiveCfg = Debug|Any CPU
		{A579F2DD-4315-46DA-866C-EF178CFD3C59}.Debug|Any CPU.Build.0 = Debug|Any CPU
		{A579F2DD-4315-46DA-866C-EF178CFD3C59}.Debug|ARM64.ActiveCfg = Debug|Any CPU
		{A579F2DD-4315-46DA-866C-EF178CFD3C59}.Debug|ARM64.Build.0 = Debug|Any CPU
		{A579F2DD-4315-46DA-866C-EF178CFD3C59}.Debug|x64.ActiveCfg = Debug|Any CPU
		{A579F2DD-4315-46DA-866C-EF178CFD3C59}.Debug|x64.Build.0 = Debug|Any CPU
		{A579F2DD-4315-46DA-866C-EF178CFD3C59}.Debug|x86.ActiveCfg = Debug|Any CPU
		{A579F2DD-4315-46DA-866C-EF178CFD3C59}.Debug|x86.Build.0 = Debug|Any CPU
		{A579F2DD-4315-46DA-866C-EF178CFD3C59}.Release|Any CPU.ActiveCfg = Release|Any CPU
		{A579F2DD-4315-46DA-866C-EF178CFD3C59}.Release|Any CPU.Build.0 = Release|Any CPU
		{A579F2DD-4315-46DA-866C-EF178CFD3C59}.Release|ARM64.ActiveCfg = Release|Any CPU
		{A579F2DD-4315-46DA-866C-EF178CFD3C59}.Release|ARM64.Build.0 = Release|Any CPU
		{A579F2DD-4315-46DA-866C-EF178CFD3C59}.Release|x64.ActiveCfg = Release|Any CPU
		{A579F2DD-4315-46DA-866C-EF178CFD3C59}.Release|x64.Build.0 = Release|Any CPU
		{A579F2DD-4315-46DA-866C-EF178CFD3C59}.Release|x86.ActiveCfg = Release|Any CPU
		{A579F2DD-4315-46DA-866C-EF178CFD3C59}.Release|x86.Build.0 = Release|Any CPU
		{19CCA8B8-46B9-4609-B7CE-198DA19F07BD}.Debug|Any CPU.ActiveCfg = Debug|Win32
		{19CCA8B8-46B9-4609-B7CE-198DA19F07BD}.Debug|ARM64.ActiveCfg = Debug|ARM64
		{19CCA8B8-46B9-4609-B7CE-198DA19F07BD}.Debug|ARM64.Build.0 = Debug|ARM64
		{19CCA8B8-46B9-4609-B7CE-198DA19F07BD}.Debug|x64.ActiveCfg = Debug|x64
		{19CCA8B8-46B9-4609-B7CE-198DA19F07BD}.Debug|x64.Build.0 = Debug|x64
		{19CCA8B8-46B9-4609-B7CE-198DA19F07BD}.Debug|x86.ActiveCfg = Debug|Win32
		{19CCA8B8-46B9-4609-B7CE-198DA19F07BD}.Debug|x86.Build.0 = Debug|Win32
		{19CCA8B8-46B9-4609-B7CE-198DA19F07BD}.Release|Any CPU.ActiveCfg = Release|Win32
		{19CCA8B8-46B9-4609-B7CE-198DA19F07BD}.Release|ARM64.ActiveCfg = Release|ARM64
		{19CCA8B8-46B9-4609-B7CE-198DA19F07BD}.Release|ARM64.Build.0 = Release|ARM64
		{19CCA8B8-46B9-4609-B7CE-198DA19F07BD}.Release|x64.ActiveCfg = Release|x64
		{19CCA8B8-46B9-4609-B7CE-198DA19F07BD}.Release|x64.Build.0 = Release|x64
		{19CCA8B8-46B9-4609-B7CE-198DA19F07BD}.Release|x86.ActiveCfg = Release|Win32
		{19CCA8B8-46B9-4609-B7CE-198DA19F07BD}.Release|x86.Build.0 = Release|Win32
		{318AC262-4BA0-47E4-B522-E2555C63B252}.Debug|Any CPU.ActiveCfg = Debug|Any CPU
		{318AC262-4BA0-47E4-B522-E2555C63B252}.Debug|Any CPU.Build.0 = Debug|Any CPU
		{318AC262-4BA0-47E4-B522-E2555C63B252}.Debug|ARM64.ActiveCfg = Debug|Any CPU
		{318AC262-4BA0-47E4-B522-E2555C63B252}.Debug|ARM64.Build.0 = Debug|Any CPU
		{318AC262-4BA0-47E4-B522-E2555C63B252}.Debug|x64.ActiveCfg = Debug|Any CPU
		{318AC262-4BA0-47E4-B522-E2555C63B252}.Debug|x64.Build.0 = Debug|Any CPU
		{318AC262-4BA0-47E4-B522-E2555C63B252}.Debug|x86.ActiveCfg = Debug|Any CPU
		{318AC262-4BA0-47E4-B522-E2555C63B252}.Debug|x86.Build.0 = Debug|Any CPU
		{318AC262-4BA0-47E4-B522-E2555C63B252}.Release|Any CPU.ActiveCfg = Release|Any CPU
		{318AC262-4BA0-47E4-B522-E2555C63B252}.Release|Any CPU.Build.0 = Release|Any CPU
		{318AC262-4BA0-47E4-B522-E2555C63B252}.Release|ARM64.ActiveCfg = Release|Any CPU
		{318AC262-4BA0-47E4-B522-E2555C63B252}.Release|ARM64.Build.0 = Release|Any CPU
		{318AC262-4BA0-47E4-B522-E2555C63B252}.Release|x64.ActiveCfg = Release|Any CPU
		{318AC262-4BA0-47E4-B522-E2555C63B252}.Release|x64.Build.0 = Release|Any CPU
		{318AC262-4BA0-47E4-B522-E2555C63B252}.Release|x86.ActiveCfg = Release|Any CPU
		{318AC262-4BA0-47E4-B522-E2555C63B252}.Release|x86.Build.0 = Release|Any CPU
		{4E1EBFF7-7113-4B41-8B42-BCC7B12A467D}.Debug|Any CPU.ActiveCfg = Debug|Any CPU
		{4E1EBFF7-7113-4B41-8B42-BCC7B12A467D}.Debug|Any CPU.Build.0 = Debug|Any CPU
		{4E1EBFF7-7113-4B41-8B42-BCC7B12A467D}.Debug|ARM64.ActiveCfg = Debug|Any CPU
		{4E1EBFF7-7113-4B41-8B42-BCC7B12A467D}.Debug|ARM64.Build.0 = Debug|Any CPU
		{4E1EBFF7-7113-4B41-8B42-BCC7B12A467D}.Debug|x64.ActiveCfg = Debug|x64
		{4E1EBFF7-7113-4B41-8B42-BCC7B12A467D}.Debug|x64.Build.0 = Debug|x64
		{4E1EBFF7-7113-4B41-8B42-BCC7B12A467D}.Debug|x86.ActiveCfg = Debug|Any CPU
		{4E1EBFF7-7113-4B41-8B42-BCC7B12A467D}.Debug|x86.Build.0 = Debug|Any CPU
		{4E1EBFF7-7113-4B41-8B42-BCC7B12A467D}.Release|Any CPU.ActiveCfg = Release|Any CPU
		{4E1EBFF7-7113-4B41-8B42-BCC7B12A467D}.Release|Any CPU.Build.0 = Release|Any CPU
		{4E1EBFF7-7113-4B41-8B42-BCC7B12A467D}.Release|ARM64.ActiveCfg = Release|Any CPU
		{4E1EBFF7-7113-4B41-8B42-BCC7B12A467D}.Release|ARM64.Build.0 = Release|Any CPU
		{4E1EBFF7-7113-4B41-8B42-BCC7B12A467D}.Release|x64.ActiveCfg = Release|x64
		{4E1EBFF7-7113-4B41-8B42-BCC7B12A467D}.Release|x64.Build.0 = Release|x64
		{4E1EBFF7-7113-4B41-8B42-BCC7B12A467D}.Release|x86.ActiveCfg = Release|Any CPU
		{4E1EBFF7-7113-4B41-8B42-BCC7B12A467D}.Release|x86.Build.0 = Release|Any CPU
		{87D258F6-409B-47A9-A860-BA35F9008269}.Debug|Any CPU.ActiveCfg = Debug|Any CPU
		{87D258F6-409B-47A9-A860-BA35F9008269}.Debug|Any CPU.Build.0 = Debug|Any CPU
		{87D258F6-409B-47A9-A860-BA35F9008269}.Debug|ARM64.ActiveCfg = Debug|Any CPU
		{87D258F6-409B-47A9-A860-BA35F9008269}.Debug|ARM64.Build.0 = Debug|Any CPU
		{87D258F6-409B-47A9-A860-BA35F9008269}.Debug|x64.ActiveCfg = Debug|Any CPU
		{87D258F6-409B-47A9-A860-BA35F9008269}.Debug|x64.Build.0 = Debug|Any CPU
		{87D258F6-409B-47A9-A860-BA35F9008269}.Debug|x86.ActiveCfg = Debug|Any CPU
		{87D258F6-409B-47A9-A860-BA35F9008269}.Debug|x86.Build.0 = Debug|Any CPU
		{87D258F6-409B-47A9-A860-BA35F9008269}.Release|Any CPU.ActiveCfg = Release|Any CPU
		{87D258F6-409B-47A9-A860-BA35F9008269}.Release|Any CPU.Build.0 = Release|Any CPU
		{87D258F6-409B-47A9-A860-BA35F9008269}.Release|ARM64.ActiveCfg = Release|Any CPU
		{87D258F6-409B-47A9-A860-BA35F9008269}.Release|ARM64.Build.0 = Release|Any CPU
		{87D258F6-409B-47A9-A860-BA35F9008269}.Release|x64.ActiveCfg = Release|Any CPU
		{87D258F6-409B-47A9-A860-BA35F9008269}.Release|x64.Build.0 = Release|Any CPU
		{87D258F6-409B-47A9-A860-BA35F9008269}.Release|x86.ActiveCfg = Release|Any CPU
		{87D258F6-409B-47A9-A860-BA35F9008269}.Release|x86.Build.0 = Release|Any CPU
		{D874E185-08FE-48C5-BADE-0FE84060C978}.Debug|Any CPU.ActiveCfg = Debug|Any CPU
		{D874E185-08FE-48C5-BADE-0FE84060C978}.Debug|Any CPU.Build.0 = Debug|Any CPU
		{D874E185-08FE-48C5-BADE-0FE84060C978}.Debug|ARM64.ActiveCfg = Debug|Any CPU
		{D874E185-08FE-48C5-BADE-0FE84060C978}.Debug|ARM64.Build.0 = Debug|Any CPU
		{D874E185-08FE-48C5-BADE-0FE84060C978}.Debug|x64.ActiveCfg = Debug|x64
		{D874E185-08FE-48C5-BADE-0FE84060C978}.Debug|x64.Build.0 = Debug|x64
		{D874E185-08FE-48C5-BADE-0FE84060C978}.Debug|x86.ActiveCfg = Debug|x86
		{D874E185-08FE-48C5-BADE-0FE84060C978}.Debug|x86.Build.0 = Debug|x86
		{D874E185-08FE-48C5-BADE-0FE84060C978}.Release|Any CPU.ActiveCfg = Release|Any CPU
		{D874E185-08FE-48C5-BADE-0FE84060C978}.Release|Any CPU.Build.0 = Release|Any CPU
		{D874E185-08FE-48C5-BADE-0FE84060C978}.Release|ARM64.ActiveCfg = Release|Any CPU
		{D874E185-08FE-48C5-BADE-0FE84060C978}.Release|ARM64.Build.0 = Release|Any CPU
		{D874E185-08FE-48C5-BADE-0FE84060C978}.Release|x64.ActiveCfg = Release|x64
		{D874E185-08FE-48C5-BADE-0FE84060C978}.Release|x64.Build.0 = Release|x64
		{D874E185-08FE-48C5-BADE-0FE84060C978}.Release|x86.ActiveCfg = Release|x86
		{D874E185-08FE-48C5-BADE-0FE84060C978}.Release|x86.Build.0 = Release|x86
		{391303F3-B2F5-45DC-9D0D-F4D6D3A76A5D}.Debug|Any CPU.ActiveCfg = Debug|Any CPU
		{391303F3-B2F5-45DC-9D0D-F4D6D3A76A5D}.Debug|Any CPU.Build.0 = Debug|Any CPU
		{391303F3-B2F5-45DC-9D0D-F4D6D3A76A5D}.Debug|ARM64.ActiveCfg = Debug|Any CPU
		{391303F3-B2F5-45DC-9D0D-F4D6D3A76A5D}.Debug|ARM64.Build.0 = Debug|Any CPU
		{391303F3-B2F5-45DC-9D0D-F4D6D3A76A5D}.Debug|x64.ActiveCfg = Debug|Any CPU
		{391303F3-B2F5-45DC-9D0D-F4D6D3A76A5D}.Debug|x64.Build.0 = Debug|Any CPU
		{391303F3-B2F5-45DC-9D0D-F4D6D3A76A5D}.Debug|x86.ActiveCfg = Debug|Any CPU
		{391303F3-B2F5-45DC-9D0D-F4D6D3A76A5D}.Debug|x86.Build.0 = Debug|Any CPU
		{391303F3-B2F5-45DC-9D0D-F4D6D3A76A5D}.Release|Any CPU.ActiveCfg = Release|Any CPU
		{391303F3-B2F5-45DC-9D0D-F4D6D3A76A5D}.Release|Any CPU.Build.0 = Release|Any CPU
		{391303F3-B2F5-45DC-9D0D-F4D6D3A76A5D}.Release|ARM64.ActiveCfg = Release|Any CPU
		{391303F3-B2F5-45DC-9D0D-F4D6D3A76A5D}.Release|ARM64.Build.0 = Release|Any CPU
		{391303F3-B2F5-45DC-9D0D-F4D6D3A76A5D}.Release|x64.ActiveCfg = Release|Any CPU
		{391303F3-B2F5-45DC-9D0D-F4D6D3A76A5D}.Release|x64.Build.0 = Release|Any CPU
		{391303F3-B2F5-45DC-9D0D-F4D6D3A76A5D}.Release|x86.ActiveCfg = Release|Any CPU
		{391303F3-B2F5-45DC-9D0D-F4D6D3A76A5D}.Release|x86.Build.0 = Release|Any CPU
		{04F98CFF-6895-4B84-AC32-23AB8684EA43}.Debug|Any CPU.ActiveCfg = Debug|Any CPU
		{04F98CFF-6895-4B84-AC32-23AB8684EA43}.Debug|Any CPU.Build.0 = Debug|Any CPU
		{04F98CFF-6895-4B84-AC32-23AB8684EA43}.Debug|ARM64.ActiveCfg = Debug|Any CPU
		{04F98CFF-6895-4B84-AC32-23AB8684EA43}.Debug|ARM64.Build.0 = Debug|Any CPU
		{04F98CFF-6895-4B84-AC32-23AB8684EA43}.Debug|x64.ActiveCfg = Debug|Any CPU
		{04F98CFF-6895-4B84-AC32-23AB8684EA43}.Debug|x64.Build.0 = Debug|Any CPU
		{04F98CFF-6895-4B84-AC32-23AB8684EA43}.Debug|x86.ActiveCfg = Debug|Any CPU
		{04F98CFF-6895-4B84-AC32-23AB8684EA43}.Debug|x86.Build.0 = Debug|Any CPU
		{04F98CFF-6895-4B84-AC32-23AB8684EA43}.Release|Any CPU.ActiveCfg = Release|Any CPU
		{04F98CFF-6895-4B84-AC32-23AB8684EA43}.Release|Any CPU.Build.0 = Release|Any CPU
		{04F98CFF-6895-4B84-AC32-23AB8684EA43}.Release|ARM64.ActiveCfg = Release|Any CPU
		{04F98CFF-6895-4B84-AC32-23AB8684EA43}.Release|ARM64.Build.0 = Release|Any CPU
		{04F98CFF-6895-4B84-AC32-23AB8684EA43}.Release|x64.ActiveCfg = Release|Any CPU
		{04F98CFF-6895-4B84-AC32-23AB8684EA43}.Release|x64.Build.0 = Release|Any CPU
		{04F98CFF-6895-4B84-AC32-23AB8684EA43}.Release|x86.ActiveCfg = Release|Any CPU
		{04F98CFF-6895-4B84-AC32-23AB8684EA43}.Release|x86.Build.0 = Release|Any CPU
		{3E05522E-BD98-4813-8430-83AE4F320EB2}.Debug|Any CPU.ActiveCfg = Debug|Any CPU
		{3E05522E-BD98-4813-8430-83AE4F320EB2}.Debug|Any CPU.Build.0 = Debug|Any CPU
		{3E05522E-BD98-4813-8430-83AE4F320EB2}.Debug|ARM64.ActiveCfg = Debug|Any CPU
		{3E05522E-BD98-4813-8430-83AE4F320EB2}.Debug|ARM64.Build.0 = Debug|Any CPU
		{3E05522E-BD98-4813-8430-83AE4F320EB2}.Debug|x64.ActiveCfg = Debug|Any CPU
		{3E05522E-BD98-4813-8430-83AE4F320EB2}.Debug|x64.Build.0 = Debug|Any CPU
		{3E05522E-BD98-4813-8430-83AE4F320EB2}.Debug|x86.ActiveCfg = Debug|Any CPU
		{3E05522E-BD98-4813-8430-83AE4F320EB2}.Debug|x86.Build.0 = Debug|Any CPU
		{3E05522E-BD98-4813-8430-83AE4F320EB2}.Release|Any CPU.ActiveCfg = Release|Any CPU
		{3E05522E-BD98-4813-8430-83AE4F320EB2}.Release|Any CPU.Build.0 = Release|Any CPU
		{3E05522E-BD98-4813-8430-83AE4F320EB2}.Release|ARM64.ActiveCfg = Release|Any CPU
		{3E05522E-BD98-4813-8430-83AE4F320EB2}.Release|ARM64.Build.0 = Release|Any CPU
		{3E05522E-BD98-4813-8430-83AE4F320EB2}.Release|x64.ActiveCfg = Release|Any CPU
		{3E05522E-BD98-4813-8430-83AE4F320EB2}.Release|x64.Build.0 = Release|Any CPU
		{3E05522E-BD98-4813-8430-83AE4F320EB2}.Release|x86.ActiveCfg = Release|Any CPU
		{3E05522E-BD98-4813-8430-83AE4F320EB2}.Release|x86.Build.0 = Release|Any CPU
	EndGlobalSection
	GlobalSection(SolutionProperties) = preSolution
		HideSolutionNode = FALSE
	EndGlobalSection
	GlobalSection(NestedProjects) = preSolution
		{23323A93-7547-4AEB-8DEC-8F163E055DD3} = {E54C216C-34CB-4E69-9623-4472B6AE6F30}
		{9F747EDA-68CF-442C-93F9-5E30864B0A33} = {E54C216C-34CB-4E69-9623-4472B6AE6F30}
		{A579F2DD-4315-46DA-866C-EF178CFD3C59} = {E54C216C-34CB-4E69-9623-4472B6AE6F30}
		{19CCA8B8-46B9-4609-B7CE-198DA19F07BD} = {A9723BDD-AB8E-4A86-9F06-966FD13D5E12}
		{4E1EBFF7-7113-4B41-8B42-BCC7B12A467D} = {56E5031E-5719-4581-B2AC-B218346811F3}
		{87D258F6-409B-47A9-A860-BA35F9008269} = {56E5031E-5719-4581-B2AC-B218346811F3}
		{D874E185-08FE-48C5-BADE-0FE84060C978} = {3DC32A7C-7C37-49CF-ABDD-F0BD6EA74731}
		{391303F3-B2F5-45DC-9D0D-F4D6D3A76A5D} = {3DC32A7C-7C37-49CF-ABDD-F0BD6EA74731}
		{04F98CFF-6895-4B84-AC32-23AB8684EA43} = {3DC32A7C-7C37-49CF-ABDD-F0BD6EA74731}
		{3E05522E-BD98-4813-8430-83AE4F320EB2} = {3DC32A7C-7C37-49CF-ABDD-F0BD6EA74731}
	EndGlobalSection
	GlobalSection(ExtensibilityGlobals) = postSolution
		SolutionGuid = {F1A4EF3B-B379-4CA3-B2C1-A52B52168CEE}
	EndGlobalSection
EndGlobal
