
Microsoft Visual Studio Solution File, Format Version 12.00
# Visual Studio Version 16
VisualStudioVersion = 16.0.32002.261
MinimumVisualStudioVersion = 10.0.40219.1
Project("{8BC9CEB8-8B4A-11D0-8D11-00A0C91BC942}") = "Office365_E5_Renew", "Office365_E5_Renew\Office365_E5_Renew.vcxproj", "{080A853C-39CA-4759-9126-AAF293B5160A}"
EndProject
Project("{FAE04EC0-301F-11D3-BF4B-00C04F79EFBC}") = "OneNoteTools", "OneNoteTools\OneNoteTools.csproj", "{A8CAA8BC-E70F-4BD3-9707-CAB6062DD993}"
EndProject
Project("{54435603-DBB4-11D2-8724-00A0C9A8B90C}") = "OneNoteToolsInstall", "OneNoteToolsInstall\OneNoteToolsInstall.vdproj", "{690A0470-93F4-40CE-ACD6-63DC74690141}"
EndProject
Project("{8BC9CEB8-8B4A-11D0-8D11-00A0C91BC942}") = "OneDriveTools", "OneDriveTools\OneDriveTools.vcxproj", "{4A920C93-77CE-44EF-92CA-747F5E9C0567}"
EndProject
Project("{8BC9CEB8-8B4A-11D0-8D11-00A0C91BC942}") = "Share", "Share\Share.vcxitems", "{6392D39C-F180-4F09-9E49-012C1728BA52}"
EndProject
Global
	GlobalSection(SharedMSBuildProjectFiles) = preSolution
		Share\Share.vcxitems*{080a853c-39ca-4759-9126-aaf293b5160a}*SharedItemsImports = 4
		Share\Share.vcxitems*{6392d39c-f180-4f09-9e49-012c1728ba52}*SharedItemsImports = 9
	EndGlobalSection
	GlobalSection(SolutionConfigurationPlatforms) = preSolution
		Debug|Any CPU = Debug|Any CPU
		Debug|x64 = Debug|x64
		Debug|x86 = Debug|x86
		Release|Any CPU = Release|Any CPU
		Release|x64 = Release|x64
		Release|x86 = Release|x86
	EndGlobalSection
	GlobalSection(ProjectConfigurationPlatforms) = postSolution
		{080A853C-39CA-4759-9126-AAF293B5160A}.Debug|Any CPU.ActiveCfg = Debug|Win32
		{080A853C-39CA-4759-9126-AAF293B5160A}.Debug|x64.ActiveCfg = Debug|x64
		{080A853C-39CA-4759-9126-AAF293B5160A}.Debug|x64.Build.0 = Debug|x64
		{080A853C-39CA-4759-9126-AAF293B5160A}.Debug|x86.ActiveCfg = Debug|Win32
		{080A853C-39CA-4759-9126-AAF293B5160A}.Debug|x86.Build.0 = Debug|Win32
		{080A853C-39CA-4759-9126-AAF293B5160A}.Release|Any CPU.ActiveCfg = Release|Win32
		{080A853C-39CA-4759-9126-AAF293B5160A}.Release|x64.ActiveCfg = Release|x64
		{080A853C-39CA-4759-9126-AAF293B5160A}.Release|x64.Build.0 = Release|x64
		{080A853C-39CA-4759-9126-AAF293B5160A}.Release|x86.ActiveCfg = Release|Win32
		{080A853C-39CA-4759-9126-AAF293B5160A}.Release|x86.Build.0 = Release|Win32
		{A8CAA8BC-E70F-4BD3-9707-CAB6062DD993}.Debug|Any CPU.ActiveCfg = Debug|Any CPU
		{A8CAA8BC-E70F-4BD3-9707-CAB6062DD993}.Debug|Any CPU.Build.0 = Debug|Any CPU
		{A8CAA8BC-E70F-4BD3-9707-CAB6062DD993}.Debug|x64.ActiveCfg = Debug|Any CPU
		{A8CAA8BC-E70F-4BD3-9707-CAB6062DD993}.Debug|x64.Build.0 = Debug|Any CPU
		{A8CAA8BC-E70F-4BD3-9707-CAB6062DD993}.Debug|x86.ActiveCfg = Debug|Any CPU
		{A8CAA8BC-E70F-4BD3-9707-CAB6062DD993}.Debug|x86.Build.0 = Debug|Any CPU
		{A8CAA8BC-E70F-4BD3-9707-CAB6062DD993}.Release|Any CPU.ActiveCfg = Release|Any CPU
		{A8CAA8BC-E70F-4BD3-9707-CAB6062DD993}.Release|Any CPU.Build.0 = Release|Any CPU
		{A8CAA8BC-E70F-4BD3-9707-CAB6062DD993}.Release|x64.ActiveCfg = Release|Any CPU
		{A8CAA8BC-E70F-4BD3-9707-CAB6062DD993}.Release|x64.Build.0 = Release|Any CPU
		{A8CAA8BC-E70F-4BD3-9707-CAB6062DD993}.Release|x86.ActiveCfg = Release|Any CPU
		{A8CAA8BC-E70F-4BD3-9707-CAB6062DD993}.Release|x86.Build.0 = Release|Any CPU
		{690A0470-93F4-40CE-ACD6-63DC74690141}.Debug|Any CPU.ActiveCfg = Debug
		{690A0470-93F4-40CE-ACD6-63DC74690141}.Debug|x64.ActiveCfg = Debug
		{690A0470-93F4-40CE-ACD6-63DC74690141}.Debug|x86.ActiveCfg = Debug
		{690A0470-93F4-40CE-ACD6-63DC74690141}.Release|Any CPU.ActiveCfg = Release
		{690A0470-93F4-40CE-ACD6-63DC74690141}.Release|x64.ActiveCfg = Release
		{690A0470-93F4-40CE-ACD6-63DC74690141}.Release|x86.ActiveCfg = Release
		{4A920C93-77CE-44EF-92CA-747F5E9C0567}.Debug|Any CPU.ActiveCfg = Debug|Win32
		{4A920C93-77CE-44EF-92CA-747F5E9C0567}.Debug|x64.ActiveCfg = Debug|x64
		{4A920C93-77CE-44EF-92CA-747F5E9C0567}.Debug|x64.Build.0 = Debug|x64
		{4A920C93-77CE-44EF-92CA-747F5E9C0567}.Debug|x86.ActiveCfg = Debug|Win32
		{4A920C93-77CE-44EF-92CA-747F5E9C0567}.Debug|x86.Build.0 = Debug|Win32
		{4A920C93-77CE-44EF-92CA-747F5E9C0567}.Release|Any CPU.ActiveCfg = Release|Win32
		{4A920C93-77CE-44EF-92CA-747F5E9C0567}.Release|x64.ActiveCfg = Release|x64
		{4A920C93-77CE-44EF-92CA-747F5E9C0567}.Release|x64.Build.0 = Release|x64
		{4A920C93-77CE-44EF-92CA-747F5E9C0567}.Release|x86.ActiveCfg = Release|Win32
		{4A920C93-77CE-44EF-92CA-747F5E9C0567}.Release|x86.Build.0 = Release|Win32
	EndGlobalSection
	GlobalSection(SolutionProperties) = preSolution
		HideSolutionNode = FALSE
	EndGlobalSection
	GlobalSection(ExtensibilityGlobals) = postSolution
		SolutionGuid = {F1A4EF3B-B379-4CA3-B2C1-A52B52168CEE}
	EndGlobalSection
EndGlobal
